
Microsoft Visual Studio Solution File, Format Version 12.00
# Visual Studio 15
VisualStudioVersion = 15.0.28307.438
MinimumVisualStudioVersion = 10.0.40219.1
Project("{FAE04EC0-301F-11D3-BF4B-00C04F79EFBC}") = "Schedule", "Schedule\Schedule.csproj", "{5DC7BF2E-AB18-49A6-8CA3-D94A854654AA}"
EndProject
Global
	GlobalSection(SolutionConfigurationPlatforms) = preSolution
		Debug|Any CPU = Debug|Any CPU
		Release|Any CPU = Release|Any CPU
	EndGlobalSection
	GlobalSection(ProjectConfigurationPlatforms) = postSolution
		{5DC7BF2E-AB18-49A6-8CA3-D94A854654AA}.Debug|Any CPU.ActiveCfg = Debug|Any CPU
		{5DC7BF2E-AB18-49A6-8CA3-D94A854654AA}.Debug|Any CPU.Build.0 = Debug|Any CPU
		{5DC7BF2E-AB18-49A6-8CA3-D94A854654AA}.Release|Any CPU.ActiveCfg = Release|Any CPU
		{5DC7BF2E-AB18-49A6-8CA3-D94A854654AA}.Release|Any CPU.Build.0 = Release|Any CPU
	EndGlobalSection
	GlobalSection(SolutionProperties) = preSolution
		HideSolutionNode = FALSE
	EndGlobalSection
	GlobalSection(ExtensibilityGlobals) = postSolution
		SolutionGuid = {2D4E93FD-17EF-417E-89A0-8206A61E61D7}
	EndGlobalSection
EndGlobal
